# This file is automatically @generated by Cargo.
# It is not intended for manual editing.
version = 3

[[package]]
name = "aho-corasick"
version = "1.1.3"
source = "registry+https://github.com/rust-lang/crates.io-index"
checksum = "8e60d3430d3a69478ad0993f19238d2df97c507009a52b3c10addcd7f6bcb916"
dependencies = [
 "memchr",
]

[[package]]
name = "anstream"
version = "0.2.6"
source = "registry+https://github.com/rust-lang/crates.io-index"
checksum = "342258dd14006105c2b75ab1bd7543a03bdf0cfc94383303ac212a04939dff6f"
dependencies = [
 "anstyle 0.3.5",
 "anstyle-parse 0.1.1",
 "anstyle-wincon 0.2.0",
 "concolor-override",
 "concolor-query",
 "is-terminal",
 "utf8parse",
]

[[package]]
name = "anstream"
version = "0.6.18"
source = "registry+https://github.com/rust-lang/crates.io-index"
checksum = "8acc5369981196006228e28809f761875c0327210a891e941f4c683b3a99529b"
dependencies = [
 "anstyle 1.0.10",
 "anstyle-parse 0.2.6",
 "anstyle-query",
 "anstyle-wincon 3.0.6",
 "colorchoice",
 "is_terminal_polyfill",
 "utf8parse",
]

[[package]]
name = "anstyle"
version = "0.3.5"
source = "registry+https://github.com/rust-lang/crates.io-index"
checksum = "23ea9e81bd02e310c216d080f6223c179012256e5151c41db88d12c88a1684d2"

[[package]]
name = "anstyle"
version = "1.0.10"
source = "registry+https://github.com/rust-lang/crates.io-index"
checksum = "55cc3b69f167a1ef2e161439aa98aed94e6028e5f9a59be9a6ffb47aef1651f9"

[[package]]
name = "anstyle-parse"
version = "0.1.1"
source = "registry+https://github.com/rust-lang/crates.io-index"
checksum = "a7d1bb534e9efed14f3e5f44e7dd1a4f709384023a4165199a4241e18dff0116"
dependencies = [
 "utf8parse",
]

[[package]]
name = "anstyle-parse"
version = "0.2.6"
source = "registry+https://github.com/rust-lang/crates.io-index"
checksum = "3b2d16507662817a6a20a9ea92df6652ee4f94f914589377d69f3b21bc5798a9"
dependencies = [
 "utf8parse",
]

[[package]]
name = "anstyle-query"
version = "1.1.2"
source = "registry+https://github.com/rust-lang/crates.io-index"
checksum = "79947af37f4177cfead1110013d678905c37501914fba0efea834c3fe9a8d60c"
dependencies = [
 "windows-sys 0.59.0",
]

[[package]]
name = "anstyle-wincon"
version = "0.2.0"
source = "registry+https://github.com/rust-lang/crates.io-index"
checksum = "c3127af6145b149f3287bb9a0d10ad9c5692dba8c53ad48285e5bec4063834fa"
dependencies = [
 "anstyle 0.3.5",
 "windows-sys 0.45.0",
]

[[package]]
name = "anstyle-wincon"
version = "3.0.6"
source = "registry+https://github.com/rust-lang/crates.io-index"
checksum = "2109dbce0e72be3ec00bed26e6a7479ca384ad226efdd66db8fa2e3a38c83125"
dependencies = [
 "anstyle 1.0.10",
 "windows-sys 0.59.0",
]

[[package]]
name = "anyhow"
version = "1.0.95"
source = "registry+https://github.com/rust-lang/crates.io-index"
checksum = "34ac096ce696dc2fcabef30516bb13c0a68a11d30131d3df6f04711467681b04"

[[package]]
name = "assert_cmd"
version = "2.0.16"
source = "registry+https://github.com/rust-lang/crates.io-index"
checksum = "dc1835b7f27878de8525dc71410b5a31cdcc5f230aed5ba5df968e09c201b23d"
dependencies = [
 "anstream 0.6.18",
 "anstyle 1.0.10",
 "bstr",
 "doc-comment",
 "libc",
 "predicates",
 "predicates-core",
 "predicates-tree",
 "wait-timeout",
]

[[package]]
name = "assert_fs"
version = "1.0.12"
source = "registry+https://github.com/rust-lang/crates.io-index"
checksum = "e9d5bf7e5441c6393b5a9670a5036abe6b4847612f594b870f7332dbf10cf6fa"
dependencies = [
 "anstream 0.2.6",
 "anstyle 0.3.5",
 "doc-comment",
 "globwalk",
 "predicates",
 "predicates-core",
 "predicates-tree",
 "tempfile",
]

[[package]]
name = "bitflags"
version = "1.3.2"
source = "registry+https://github.com/rust-lang/crates.io-index"
checksum = "bef38d45163c2f1dde094a7dfd33ccf595c92905c8f8f4fdc18d06fb1037718a"

[[package]]
name = "bitflags"
version = "2.6.0"
source = "registry+https://github.com/rust-lang/crates.io-index"
checksum = "b048fb63fd8b5923fc5aa7b340d8e156aec7ec02f0c78fa8a6ddc2613f6f71de"

[[package]]
name = "bstr"
version = "1.11.2"
source = "registry+https://github.com/rust-lang/crates.io-index"
checksum = "c94feba04f99cbce6558bbe1c18e38692a056981cb66c96f0878c2452aa28023"
dependencies = [
 "memchr",
 "regex-automata",
 "serde",
]

[[package]]
name = "cfg-if"
version = "1.0.0"
source = "registry+https://github.com/rust-lang/crates.io-index"
checksum = "baf1de4339761588bc0619e3cbc0120ee582ebb74b53b4efbf79117bd2da40fd"

[[package]]
name = "chksum"
version = "0.4.0"
source = "registry+https://github.com/rust-lang/crates.io-index"
checksum = "6401faa70a7381c411e1d44c34cc9ea7c4dc1e12e9f86daf55e4941d10612f13"
dependencies = [
 "chksum-core",
 "chksum-hash",
 "chksum-md5",
 "chksum-sha1",
 "chksum-sha2",
]

[[package]]
name = "chksum-cli"
version = "0.4.2"
dependencies = [
 "anyhow",
 "assert_cmd",
 "assert_fs",
 "chksum",
 "clap",
 "colored",
 "exitcode",
 "rayon",
 "thiserror",
]

[[package]]
name = "chksum-core"
version = "0.1.0"
source = "registry+https://github.com/rust-lang/crates.io-index"
checksum = "0475dc9fa905fe8feca5c4a48a97f65503ebd257a7566df1367d080083e160c6"
dependencies = [
 "chksum-hash-core",
 "thiserror",
]

[[package]]
name = "chksum-hash"
version = "0.5.1"
source = "registry+https://github.com/rust-lang/crates.io-index"
checksum = "862a3491c65e277e0cc86f373c276dd8680b8a3a58460c44b22eded5e13cf1ba"
dependencies = [
 "chksum-hash-core",
 "chksum-hash-md5",
 "chksum-hash-sha1",
 "chksum-hash-sha2",
]

[[package]]
name = "chksum-hash-core"
version = "0.0.0"
source = "registry+https://github.com/rust-lang/crates.io-index"
checksum = "221456234d441c788a2c51a27b91c4380f499de560670a67d3303e621d37b3bd"

[[package]]
name = "chksum-hash-md5"
version = "0.0.1"
source = "registry+https://github.com/rust-lang/crates.io-index"
checksum = "b8445e9efb2556cedf4ef2bf704cb335cdd037ed20fe954f281baf93fe5e7c0d"
dependencies = [
 "chksum-hash-core",
 "thiserror",
]

[[package]]
name = "chksum-hash-sha1"
version = "0.0.1"
source = "registry+https://github.com/rust-lang/crates.io-index"
checksum = "1cced59c79554a9305c3b5c6eec2704706e8e598edb80b0716fb3f6c923fabcd"
dependencies = [
 "chksum-hash-core",
 "thiserror",
]

[[package]]
name = "chksum-hash-sha2"
version = "0.0.1"
source = "registry+https://github.com/rust-lang/crates.io-index"
checksum = "5444bb0d12a9fae84353f686100ef2925a77c2a0d9196cdc3787042595bff48f"
dependencies = [
 "chksum-hash-sha2-224",
 "chksum-hash-sha2-256",
 "chksum-hash-sha2-384",
 "chksum-hash-sha2-512",
]

[[package]]
name = "chksum-hash-sha2-224"
version = "0.0.1"
source = "registry+https://github.com/rust-lang/crates.io-index"
checksum = "63c0104600dc48e852971a0367e92ffd38b2165a2ff5e35ee947d85d1dc5dbb0"
dependencies = [
 "chksum-hash-core",
 "thiserror",
]

[[package]]
name = "chksum-hash-sha2-256"
version = "0.0.1"
source = "registry+https://github.com/rust-lang/crates.io-index"
checksum = "8231bf5c173db494835789e73fce310773f8f623c65989bb346d52b809e5e2f8"
dependencies = [
 "chksum-hash-core",
 "thiserror",
]

[[package]]
name = "chksum-hash-sha2-384"
version = "0.0.1"
source = "registry+https://github.com/rust-lang/crates.io-index"
checksum = "1d56e3e64bbeb2faca7df586614e01d552582d770887101b2b4975da21b0e6fc"
dependencies = [
 "chksum-hash-core",
 "thiserror",
]

[[package]]
name = "chksum-hash-sha2-512"
version = "0.0.1"
source = "registry+https://github.com/rust-lang/crates.io-index"
checksum = "4d10088e91d8fca497528476a51d8926035876d83ab709ddb7d0dca8b4e4415c"
dependencies = [
 "chksum-hash-core",
 "thiserror",
]

[[package]]
name = "chksum-md5"
version = "0.1.0"
source = "registry+https://github.com/rust-lang/crates.io-index"
checksum = "dda0016624d188e791afdf491de89d0157411dafedb0a46dbcd3f1a13ef0a611"
dependencies = [
 "chksum-core",
 "chksum-hash-md5",
]

[[package]]
name = "chksum-sha1"
version = "0.1.0"
source = "registry+https://github.com/rust-lang/crates.io-index"
checksum = "80489dff9ef6c7da73bbed26db3eb29d222840f3e8763c41d9c01be683f363d2"
dependencies = [
 "chksum-core",
 "chksum-hash-sha1",
]

[[package]]
name = "chksum-sha2"
version = "0.1.0"
source = "registry+https://github.com/rust-lang/crates.io-index"
checksum = "bc6a2371747d5021b6ac769e4607e0222ceed97888af1bf192f91c87bf00a9ed"
dependencies = [
 "chksum-core",
 "chksum-hash-sha2",
 "chksum-sha2-224",
 "chksum-sha2-256",
 "chksum-sha2-384",
 "chksum-sha2-512",
]

[[package]]
name = "chksum-sha2-224"
version = "0.1.0"
source = "registry+https://github.com/rust-lang/crates.io-index"
checksum = "e131b1945c9f344ed6e2bb71ce68039c06832287b489e9523dd3f4350d27cdb6"
dependencies = [
 "chksum-core",
 "chksum-hash-sha2-224",
]

[[package]]
name = "chksum-sha2-256"
version = "0.1.0"
source = "registry+https://github.com/rust-lang/crates.io-index"
checksum = "f4a4d6bac6d5b362449c5009c10b7abfcb09dd3cc462944b49b3900b29f12a9f"
dependencies = [
 "chksum-core",
 "chksum-hash-sha2-256",
]

[[package]]
name = "chksum-sha2-384"
version = "0.1.0"
source = "registry+https://github.com/rust-lang/crates.io-index"
checksum = "b1797d60e9973144df48aa117f93834cebc086249ea9a309c625659f8085dda7"
dependencies = [
 "chksum-core",
 "chksum-hash-sha2-384",
]

[[package]]
name = "chksum-sha2-512"
version = "0.1.0"
source = "registry+https://github.com/rust-lang/crates.io-index"
checksum = "9dcc633d445146283b50ed346a0934619326fd8c48a1dd8df1dc181ab06ebb08"
dependencies = [
 "chksum-core",
 "chksum-hash-sha2-512",
]

[[package]]
name = "clap"
version = "4.5.23"
source = "registry+https://github.com/rust-lang/crates.io-index"
checksum = "3135e7ec2ef7b10c6ed8950f0f792ed96ee093fa088608f1c76e569722700c84"
dependencies = [
 "clap_builder",
 "clap_derive",
]

[[package]]
name = "clap_builder"
version = "4.5.23"
source = "registry+https://github.com/rust-lang/crates.io-index"
checksum = "30582fc632330df2bd26877bde0c1f4470d57c582bbc070376afcd04d8cb4838"
dependencies = [
 "anstream 0.6.18",
 "anstyle 1.0.10",
 "clap_lex",
 "strsim",
 "terminal_size",
 "unicase",
 "unicode-width",
]

[[package]]
name = "clap_derive"
version = "4.5.18"
source = "registry+https://github.com/rust-lang/crates.io-index"
checksum = "4ac6a0c7b1a9e9a5186361f67dfa1b88213572f427fb9ab038efb2bd8c582dab"
dependencies = [
 "heck",
 "proc-macro2",
 "quote",
 "syn",
]

[[package]]
name = "clap_lex"
version = "0.7.4"
source = "registry+https://github.com/rust-lang/crates.io-index"
checksum = "f46ad14479a25103f283c0f10005961cf086d8dc42205bb44c46ac563475dca6"

[[package]]
name = "colorchoice"
version = "1.0.3"
source = "registry+https://github.com/rust-lang/crates.io-index"
checksum = "5b63caa9aa9397e2d9480a9b13673856c78d8ac123288526c37d7839f2a86990"

[[package]]
name = "colored"
version = "2.2.0"
source = "registry+https://github.com/rust-lang/crates.io-index"
checksum = "117725a109d387c937a1533ce01b450cbde6b88abceea8473c4d7a85853cda3c"
dependencies = [
 "lazy_static",
 "windows-sys 0.59.0",
]

[[package]]
name = "concolor-override"
version = "1.1.0"
source = "registry+https://github.com/rust-lang/crates.io-index"
checksum = "40a4925288e39d5923e024781971aab940995fa31bab3ffceebbadfc87591e90"
dependencies = [
 "colorchoice",
]

[[package]]
name = "concolor-query"
version = "0.3.3"
source = "registry+https://github.com/rust-lang/crates.io-index"
checksum = "88d11d52c3d7ca2e6d0040212be9e4dbbcd78b6447f535b6b561f449427944cf"
dependencies = [
 "windows-sys 0.45.0",
]

[[package]]
name = "crossbeam-deque"
version = "0.8.6"
source = "registry+https://github.com/rust-lang/crates.io-index"
checksum = "9dd111b7b7f7d55b72c0a6ae361660ee5853c9af73f70c3c2ef6858b950e2e51"
dependencies = [
 "crossbeam-epoch",
 "crossbeam-utils",
]

[[package]]
name = "crossbeam-epoch"
version = "0.9.18"
source = "registry+https://github.com/rust-lang/crates.io-index"
checksum = "5b82ac4a3c2ca9c3460964f020e1402edd5753411d7737aa39c3714ad1b5420e"
dependencies = [
 "crossbeam-utils",
]

[[package]]
name = "crossbeam-utils"
version = "0.8.21"
source = "registry+https://github.com/rust-lang/crates.io-index"
checksum = "d0a5c400df2834b80a4c3327b3aad3a4c4cd4de0629063962b03235697506a28"

[[package]]
name = "difflib"
version = "0.4.0"
source = "registry+https://github.com/rust-lang/crates.io-index"
checksum = "6184e33543162437515c2e2b48714794e37845ec9851711914eec9d308f6ebe8"

[[package]]
name = "doc-comment"
version = "0.3.3"
source = "registry+https://github.com/rust-lang/crates.io-index"
checksum = "fea41bba32d969b513997752735605054bc0dfa92b4c56bf1189f2e174be7a10"

[[package]]
name = "either"
version = "1.13.0"
source = "registry+https://github.com/rust-lang/crates.io-index"
checksum = "60b1af1c220855b6ceac025d3f6ecdd2b7c4894bfe9cd9bda4fbb4bc7c0d4cf0"

[[package]]
name = "errno"
version = "0.3.10"
source = "registry+https://github.com/rust-lang/crates.io-index"
checksum = "33d852cb9b869c2a9b3df2f71a3074817f01e1844f839a144f5fcef059a4eb5d"
dependencies = [
 "libc",
 "windows-sys 0.59.0",
]

[[package]]
name = "exitcode"
version = "1.1.2"
source = "registry+https://github.com/rust-lang/crates.io-index"
checksum = "de853764b47027c2e862a995c34978ffa63c1501f2e15f987ba11bd4f9bba193"

[[package]]
name = "fastrand"
version = "2.3.0"
source = "registry+https://github.com/rust-lang/crates.io-index"
checksum = "37909eebbb50d72f9059c3b6d82c0463f2ff062c9e95845c43a6c9c0355411be"

[[package]]
name = "globset"
version = "0.4.15"
source = "registry+https://github.com/rust-lang/crates.io-index"
checksum = "15f1ce686646e7f1e19bf7d5533fe443a45dbfb990e00629110797578b42fb19"
dependencies = [
 "aho-corasick",
 "bstr",
 "log",
 "regex-automata",
 "regex-syntax",
]

[[package]]
name = "globwalk"
version = "0.8.1"
source = "registry+https://github.com/rust-lang/crates.io-index"
checksum = "93e3af942408868f6934a7b85134a3230832b9977cf66125df2f9edcfce4ddcc"
dependencies = [
 "bitflags 1.3.2",
 "ignore",
 "walkdir",
]

[[package]]
name = "heck"
version = "0.5.0"
source = "registry+https://github.com/rust-lang/crates.io-index"
checksum = "2304e00983f87ffb38b55b444b5e3b60a884b5d30c0fca7d82fe33449bbe55ea"

[[package]]
name = "hermit-abi"
version = "0.4.0"
source = "registry+https://github.com/rust-lang/crates.io-index"
checksum = "fbf6a919d6cf397374f7dfeeea91d974c7c0a7221d0d0f4f20d859d329e53fcc"

[[package]]
name = "ignore"
version = "0.4.23"
source = "registry+https://github.com/rust-lang/crates.io-index"
checksum = "6d89fd380afde86567dfba715db065673989d6253f42b88179abd3eae47bda4b"
dependencies = [
 "crossbeam-deque",
 "globset",
 "log",
 "memchr",
 "regex-automata",
 "same-file",
 "walkdir",
 "winapi-util",
]

[[package]]
name = "is-terminal"
version = "0.4.13"
source = "registry+https://github.com/rust-lang/crates.io-index"
checksum = "261f68e344040fbd0edea105bef17c66edf46f984ddb1115b775ce31be948f4b"
dependencies = [
 "hermit-abi",
 "libc",
 "windows-sys 0.52.0",
]

[[package]]
name = "is_terminal_polyfill"
version = "1.70.1"
source = "registry+https://github.com/rust-lang/crates.io-index"
checksum = "7943c866cc5cd64cbc25b2e01621d07fa8eb2a1a23160ee81ce38704e97b8ecf"

[[package]]
name = "lazy_static"
version = "1.5.0"
source = "registry+https://github.com/rust-lang/crates.io-index"
checksum = "bbd2bcb4c963f2ddae06a2efc7e9f3591312473c50c6685e1f298068316e66fe"

[[package]]
name = "libc"
version = "0.2.169"
source = "registry+https://github.com/rust-lang/crates.io-index"
checksum = "b5aba8db14291edd000dfcc4d620c7ebfb122c613afb886ca8803fa4e128a20a"

[[package]]
name = "linux-raw-sys"
version = "0.4.14"
source = "registry+https://github.com/rust-lang/crates.io-index"
checksum = "78b3ae25bc7c8c38cec158d1f2757ee79e9b3740fbc7ccf0e59e4b08d793fa89"

[[package]]
name = "log"
version = "0.4.22"
source = "registry+https://github.com/rust-lang/crates.io-index"
checksum = "a7a70ba024b9dc04c27ea2f0c0548feb474ec5c54bba33a7f72f873a39d07b24"

[[package]]
name = "memchr"
version = "2.7.4"
source = "registry+https://github.com/rust-lang/crates.io-index"
checksum = "78ca9ab1a0babb1e7d5695e3530886289c18cf2f87ec19a575a0abdce112e3a3"

[[package]]
name = "once_cell"
version = "1.20.2"
source = "registry+https://github.com/rust-lang/crates.io-index"
checksum = "1261fe7e33c73b354eab43b1273a57c8f967d0391e80353e51f764ac02cf6775"

[[package]]
name = "predicates"
version = "3.1.3"
source = "registry+https://github.com/rust-lang/crates.io-index"
checksum = "a5d19ee57562043d37e82899fade9a22ebab7be9cef5026b07fda9cdd4293573"
dependencies = [
 "anstyle 1.0.10",
 "difflib",
 "predicates-core",
]

[[package]]
name = "predicates-core"
version = "1.0.9"
source = "registry+https://github.com/rust-lang/crates.io-index"
checksum = "727e462b119fe9c93fd0eb1429a5f7647394014cf3c04ab2c0350eeb09095ffa"

[[package]]
name = "predicates-tree"
version = "1.0.12"
source = "registry+https://github.com/rust-lang/crates.io-index"
checksum = "72dd2d6d381dfb73a193c7fca536518d7caee39fc8503f74e7dc0be0531b425c"
dependencies = [
 "predicates-core",
 "termtree",
]

[[package]]
name = "proc-macro2"
version = "1.0.92"
source = "registry+https://github.com/rust-lang/crates.io-index"
checksum = "37d3544b3f2748c54e147655edb5025752e2303145b5aefb3c3ea2c78b973bb0"
dependencies = [
 "unicode-ident",
]

[[package]]
name = "quote"
version = "1.0.38"
source = "registry+https://github.com/rust-lang/crates.io-index"
checksum = "0e4dccaaaf89514f546c693ddc140f729f958c247918a13380cccc6078391acc"
dependencies = [
 "proc-macro2",
]

[[package]]
name = "rayon"
version = "1.10.0"
source = "registry+https://github.com/rust-lang/crates.io-index"
checksum = "b418a60154510ca1a002a752ca9714984e21e4241e804d32555251faf8b78ffa"
dependencies = [
 "either",
 "rayon-core",
]

[[package]]
name = "rayon-core"
version = "1.12.1"
source = "registry+https://github.com/rust-lang/crates.io-index"
checksum = "1465873a3dfdaa8ae7cb14b4383657caab0b3e8a0aa9ae8e04b044854c8dfce2"
dependencies = [
 "crossbeam-deque",
 "crossbeam-utils",
]

[[package]]
name = "regex-automata"
version = "0.4.9"
source = "registry+https://github.com/rust-lang/crates.io-index"
checksum = "809e8dc61f6de73b46c85f4c96486310fe304c434cfa43669d7b40f711150908"
dependencies = [
 "aho-corasick",
 "memchr",
 "regex-syntax",
]

[[package]]
name = "regex-syntax"
version = "0.8.5"
source = "registry+https://github.com/rust-lang/crates.io-index"
checksum = "2b15c43186be67a4fd63bee50d0303afffcef381492ebe2c5d87f324e1b8815c"

[[package]]
name = "rustix"
version = "0.38.42"
source = "registry+https://github.com/rust-lang/crates.io-index"
checksum = "f93dc38ecbab2eb790ff964bb77fa94faf256fd3e73285fd7ba0903b76bedb85"
dependencies = [
 "bitflags 2.6.0",
 "errno",
 "libc",
 "linux-raw-sys",
 "windows-sys 0.59.0",
]

[[package]]
name = "same-file"
version = "1.0.6"
source = "registry+https://github.com/rust-lang/crates.io-index"
checksum = "93fc1dc3aaa9bfed95e02e6eadabb4baf7e3078b0bd1b4d7b6b0b68378900502"
dependencies = [
 "winapi-util",
]

[[package]]
name = "serde"
version = "1.0.217"
source = "registry+https://github.com/rust-lang/crates.io-index"
checksum = "02fc4265df13d6fa1d00ecff087228cc0a2b5f3c0e87e258d8b94a156e984c70"
dependencies = [
 "serde_derive",
]

[[package]]
name = "serde_derive"
version = "1.0.217"
source = "registry+https://github.com/rust-lang/crates.io-index"
checksum = "5a9bf7cf98d04a2b28aead066b7496853d4779c9cc183c440dbac457641e19a0"
dependencies = [
 "proc-macro2",
 "quote",
 "syn",
]

[[package]]
name = "strsim"
version = "0.11.1"
source = "registry+https://github.com/rust-lang/crates.io-index"
checksum = "7da8b5736845d9f2fcb837ea5d9e2628564b3b043a70948a3f0b778838c5fb4f"

[[package]]
name = "syn"
version = "2.0.94"
source = "registry+https://github.com/rust-lang/crates.io-index"
checksum = "987bc0be1cdea8b10216bd06e2ca407d40b9543468fafd3ddfb02f36e77f71f3"
dependencies = [
 "proc-macro2",
 "quote",
 "unicode-ident",
]

[[package]]
name = "tempfile"
version = "3.14.0"
source = "registry+https://github.com/rust-lang/crates.io-index"
checksum = "28cce251fcbc87fac86a866eeb0d6c2d536fc16d06f184bb61aeae11aa4cee0c"
dependencies = [
 "cfg-if",
 "fastrand",
 "once_cell",
 "rustix",
 "windows-sys 0.59.0",
]

[[package]]
name = "terminal_size"
version = "0.4.1"
source = "registry+https://github.com/rust-lang/crates.io-index"
checksum = "5352447f921fda68cf61b4101566c0bdb5104eff6804d0678e5227580ab6a4e9"
dependencies = [
 "rustix",
 "windows-sys 0.59.0",
]

[[package]]
name = "termtree"
version = "0.5.1"
source = "registry+https://github.com/rust-lang/crates.io-index"
checksum = "8f50febec83f5ee1df3015341d8bd429f2d1cc62bcba7ea2076759d315084683"

[[package]]
name = "thiserror"
version = "1.0.69"
source = "registry+https://github.com/rust-lang/crates.io-index"
checksum = "b6aaf5339b578ea85b50e080feb250a3e8ae8cfcdff9a461c9ec2904bc923f52"
dependencies = [
 "thiserror-impl",
]

[[package]]
name = "thiserror-impl"
version = "1.0.69"
source = "registry+https://github.com/rust-lang/crates.io-index"
checksum = "4fee6c4efc90059e10f81e6d42c60a18f76588c3d74cb83a0b242a2b6c7504c1"
dependencies = [
 "proc-macro2",
 "quote",
 "syn",
]

[[package]]
name = "unicase"
version = "2.8.1"
source = "registry+https://github.com/rust-lang/crates.io-index"
checksum = "75b844d17643ee918803943289730bec8aac480150456169e647ed0b576ba539"

[[package]]
name = "unicode-ident"
version = "1.0.14"
source = "registry+https://github.com/rust-lang/crates.io-index"
checksum = "adb9e6ca4f869e1180728b7950e35922a7fc6397f7b641499e8f3ef06e50dc83"

[[package]]
name = "unicode-width"
version = "0.2.0"
source = "registry+https://github.com/rust-lang/crates.io-index"
checksum = "1fc81956842c57dac11422a97c3b8195a1ff727f06e85c84ed2e8aa277c9a0fd"

[[package]]
name = "utf8parse"
version = "0.2.2"
source = "registry+https://github.com/rust-lang/crates.io-index"
checksum = "06abde3611657adf66d383f00b093d7faecc7fa57071cce2578660c9f1010821"

[[package]]
name = "wait-timeout"
version = "0.2.0"
source = "registry+https://github.com/rust-lang/crates.io-index"
checksum = "9f200f5b12eb75f8c1ed65abd4b2db8a6e1b138a20de009dacee265a2498f3f6"
dependencies = [
 "libc",
]

[[package]]
name = "walkdir"
version = "2.5.0"
source = "registry+https://github.com/rust-lang/crates.io-index"
checksum = "29790946404f91d9c5d06f9874efddea1dc06c5efe94541a7d6863108e3a5e4b"
dependencies = [
 "same-file",
 "winapi-util",
]

[[package]]
name = "winapi-util"
version = "0.1.9"
source = "registry+https://github.com/rust-lang/crates.io-index"
checksum = "cf221c93e13a30d793f7645a0e7762c55d169dbb0a49671918a2319d289b10bb"
dependencies = [
 "windows-sys 0.59.0",
]

[[package]]
name = "windows-sys"
version = "0.45.0"
source = "registry+https://github.com/rust-lang/crates.io-index"
checksum = "75283be5efb2831d37ea142365f009c02ec203cd29a3ebecbc093d52315b66d0"
dependencies = [
 "windows-targets 0.42.2",
]

[[package]]
name = "windows-sys"
version = "0.52.0"
source = "registry+https://github.com/rust-lang/crates.io-index"
checksum = "282be5f36a8ce781fad8c8ae18fa3f9beff57ec1b52cb3de0789201425d9a33d"
dependencies = [
 "windows-targets 0.52.6",
]

[[package]]
name = "windows-sys"
version = "0.59.0"
source = "registry+https://github.com/rust-lang/crates.io-index"
checksum = "1e38bc4d79ed67fd075bcc251a1c39b32a1776bbe92e5bef1f0bf1f8c531853b"
dependencies = [
 "windows-targets 0.52.6",
]

[[package]]
name = "windows-targets"
version = "0.42.2"
source = "registry+https://github.com/rust-lang/crates.io-index"
checksum = "8e5180c00cd44c9b1c88adb3693291f1cd93605ded80c250a75d472756b4d071"
dependencies = [
 "windows_aarch64_gnullvm 0.42.2",
 "windows_aarch64_msvc 0.42.2",
 "windows_i686_gnu 0.42.2",
 "windows_i686_msvc 0.42.2",
 "windows_x86_64_gnu 0.42.2",
 "windows_x86_64_gnullvm 0.42.2",
 "windows_x86_64_msvc 0.42.2",
]

[[package]]
name = "windows-targets"
version = "0.52.6"
source = "registry+https://github.com/rust-lang/crates.io-index"
checksum = "9b724f72796e036ab90c1021d4780d4d3d648aca59e491e6b98e725b84e99973"
dependencies = [
 "windows_aarch64_gnullvm 0.52.6",
 "windows_aarch64_msvc 0.52.6",
 "windows_i686_gnu 0.52.6",
 "windows_i686_gnullvm",
 "windows_i686_msvc 0.52.6",
 "windows_x86_64_gnu 0.52.6",
 "windows_x86_64_gnullvm 0.52.6",
 "windows_x86_64_msvc 0.52.6",
]

[[package]]
name = "windows_aarch64_gnullvm"
version = "0.42.2"
source = "registry+https://github.com/rust-lang/crates.io-index"
checksum = "597a5118570b68bc08d8d59125332c54f1ba9d9adeedeef5b99b02ba2b0698f8"

[[package]]
name = "windows_aarch64_gnullvm"
version = "0.52.6"
source = "registry+https://github.com/rust-lang/crates.io-index"
checksum = "32a4622180e7a0ec044bb555404c800bc9fd9ec262ec147edd5989ccd0c02cd3"

[[package]]
name = "windows_aarch64_msvc"
version = "0.42.2"
source = "registry+https://github.com/rust-lang/crates.io-index"
checksum = "e08e8864a60f06ef0d0ff4ba04124db8b0fb3be5776a5cd47641e942e58c4d43"

[[package]]
name = "windows_aarch64_msvc"
version = "0.52.6"
source = "registry+https://github.com/rust-lang/crates.io-index"
checksum = "09ec2a7bb152e2252b53fa7803150007879548bc709c039df7627cabbd05d469"

[[package]]
name = "windows_i686_gnu"
version = "0.42.2"
source = "registry+https://github.com/rust-lang/crates.io-index"
checksum = "c61d927d8da41da96a81f029489353e68739737d3beca43145c8afec9a31a84f"

[[package]]
name = "windows_i686_gnu"
version = "0.52.6"
source = "registry+https://github.com/rust-lang/crates.io-index"
checksum = "8e9b5ad5ab802e97eb8e295ac6720e509ee4c243f69d781394014ebfe8bbfa0b"

[[package]]
name = "windows_i686_gnullvm"
version = "0.52.6"
source = "registry+https://github.com/rust-lang/crates.io-index"
checksum = "0eee52d38c090b3caa76c563b86c3a4bd71ef1a819287c19d586d7334ae8ed66"

[[package]]
name = "windows_i686_msvc"
version = "0.42.2"
source = "registry+https://github.com/rust-lang/crates.io-index"
checksum = "44d840b6ec649f480a41c8d80f9c65108b92d89345dd94027bfe06ac444d1060"

[[package]]
name = "windows_i686_msvc"
version = "0.52.6"
source = "registry+https://github.com/rust-lang/crates.io-index"
checksum = "240948bc05c5e7c6dabba28bf89d89ffce3e303022809e73deaefe4f6ec56c66"

[[package]]
name = "windows_x86_64_gnu"
version = "0.42.2"
source = "registry+https://github.com/rust-lang/crates.io-index"
checksum = "8de912b8b8feb55c064867cf047dda097f92d51efad5b491dfb98f6bbb70cb36"

[[package]]
name = "windows_x86_64_gnu"
version = "0.52.6"
source = "registry+https://github.com/rust-lang/crates.io-index"
checksum = "147a5c80aabfbf0c7d901cb5895d1de30ef2907eb21fbbab29ca94c5b08b1a78"

[[package]]
name = "windows_x86_64_gnullvm"
version = "0.42.2"
source = "registry+https://github.com/rust-lang/crates.io-index"
checksum = "26d41b46a36d453748aedef1486d5c7a85db22e56aff34643984ea85514e94a3"

[[package]]
name = "windows_x86_64_gnullvm"
version = "0.52.6"
source = "registry+https://github.com/rust-lang/crates.io-index"
checksum = "24d5b23dc417412679681396f2b49f3de8c1473deb516bd34410872eff51ed0d"

[[package]]
name = "windows_x86_64_msvc"
version = "0.42.2"
source = "registry+https://github.com/rust-lang/crates.io-index"
checksum = "9aec5da331524158c6d1a4ac0ab1541149c0b9505fde06423b02f5ef0106b9f0"

[[package]]
name = "windows_x86_64_msvc"
version = "0.52.6"
source = "registry+https://github.com/rust-lang/crates.io-index"
checksum = "589f6da84c646204747d1270a2a5661ea66ed1cced2631d546fdfb155959f9ec"
